
Microsoft Visual Studio Solution File, Format Version 12.00
# Visual Studio Version 16
VisualStudioVersion = 16.0.31321.278
MinimumVisualStudioVersion = 10.0.40219.1
Project("{FAE04EC0-301F-11D3-BF4B-00C04F79EFBC}") = "BookList.API", "BookList.API.csproj", "{458CE1C6-7CA3-4601-8324-83D8C5DEFD9E}"
EndProject
Global
	GlobalSection(SolutionConfigurationPlatforms) = preSolution
		Debug|Any CPU = Debug|Any CPU
		Release|Any CPU = Release|Any CPU
	EndGlobalSection
	GlobalSection(ProjectConfigurationPlatforms) = postSolution
		{458CE1C6-7CA3-4601-8324-83D8C5DEFD9E}.Debug|Any CPU.ActiveCfg = Debug|Any CPU
		{458CE1C6-7CA3-4601-8324-83D8C5DEFD9E}.Debug|Any CPU.Build.0 = Debug|Any CPU
		{458CE1C6-7CA3-4601-8324-83D8C5DEFD9E}.Release|Any CPU.ActiveCfg = Release|Any CPU
		{458CE1C6-7CA3-4601-8324-83D8C5DEFD9E}.Release|Any CPU.Build.0 = Release|Any CPU
	EndGlobalSection
	GlobalSection(SolutionProperties) = preSolution
		HideSolutionNode = FALSE
	EndGlobalSection
	GlobalSection(ExtensibilityGlobals) = postSolution
		SolutionGuid = {7D468918-4389-462A-9EF6-B2FBB4500A8C}
	EndGlobalSection
EndGlobal
